
Microsoft Visual Studio Solution File, Format Version 12.00
# Visual Studio Version 16
VisualStudioVersion = 16.0.30309.148
MinimumVisualStudioVersion = 10.0.40219.1
Project("{FAE04EC0-301F-11D3-BF4B-00C04F79EFBC}") = "Simulate_load_Progress", "Simulate_load_Progress\Simulate_load_Progress.csproj", "{6ED402DF-1198-4153-9884-1FB401F91F13}"
EndProject
Global
	GlobalSection(SolutionConfigurationPlatforms) = preSolution
		Debug|Any CPU = Debug|Any CPU
		Release|Any CPU = Release|Any CPU
	EndGlobalSection
	GlobalSection(ProjectConfigurationPlatforms) = postSolution
		{6ED402DF-1198-4153-9884-1FB401F91F13}.Debug|Any CPU.ActiveCfg = Debug|Any CPU
		{6ED402DF-1198-4153-9884-1FB401F91F13}.Debug|Any CPU.Build.0 = Debug|Any CPU
		{6ED402DF-1198-4153-9884-1FB401F91F13}.Release|Any CPU.ActiveCfg = Release|Any CPU
		{6ED402DF-1198-4153-9884-1FB401F91F13}.Release|Any CPU.Build.0 = Release|Any CPU
	EndGlobalSection
	GlobalSection(SolutionProperties) = preSolution
		HideSolutionNode = FALSE
	EndGlobalSection
	GlobalSection(ExtensibilityGlobals) = postSolution
		SolutionGuid = {DBC12EE4-6138-4B72-8AC2-DCF4D82AE22C}
	EndGlobalSection
EndGlobal
